
Microsoft Visual Studio Solution File, Format Version 12.00
# Visual Studio Version 16
VisualStudioVersion = 16.0.31515.178
MinimumVisualStudioVersion = 10.0.40219.1
Project("{FAE04EC0-301F-11D3-BF4B-00C04F79EFBC}") = "Lab1", "Lab1\Lab1.csproj", "{B08C0294-E485-4787-BF32-6763C8217F94}"
EndProject
Global
	GlobalSection(SolutionConfigurationPlatforms) = preSolution
		Debug|Any CPU = Debug|Any CPU
		Release|Any CPU = Release|Any CPU
	EndGlobalSection
	GlobalSection(ProjectConfigurationPlatforms) = postSolution
		{B08C0294-E485-4787-BF32-6763C8217F94}.Debug|Any CPU.ActiveCfg = Debug|Any CPU
		{B08C0294-E485-4787-BF32-6763C8217F94}.Debug|Any CPU.Build.0 = Debug|Any CPU
		{B08C0294-E485-4787-BF32-6763C8217F94}.Release|Any CPU.ActiveCfg = Release|Any CPU
		{B08C0294-E485-4787-BF32-6763C8217F94}.Release|Any CPU.Build.0 = Release|Any CPU
	EndGlobalSection
	GlobalSection(SolutionProperties) = preSolution
		HideSolutionNode = FALSE
	EndGlobalSection
	GlobalSection(ExtensibilityGlobals) = postSolution
		SolutionGuid = {34F56CBB-1ABC-475A-B4E1-778C7BE9A074}
	EndGlobalSection
EndGlobal
